// !$*UTF8*$!
{
	archiveVersion = 1;
	classes = {
	};
	objectVersion = 46;
	objects = {

/* Begin PBXBuildFile section */
		21EC44B81B9D2DEA009904F9 /* main.m in Sources */ = {isa = PBXBuildFile; fileRef = 21EC44B71B9D2DEA009904F9 /* main.m */; };
		21EC44BB1B9D2DEA009904F9 /* AppDelegate.m in Sources */ = {isa = PBXBuildFile; fileRef = 21EC44BA1B9D2DEA009904F9 /* AppDelegate.m */; };
		21EC44BE1B9D2DEA009904F9 /* property.xcdatamodeld in Sources */ = {isa = PBXBuildFile; fileRef = 21EC44BC1B9D2DEA009904F9 /* property.xcdatamodeld */; };
		21EC44C11B9D2DEA009904F9 /* ViewController.m in Sources */ = {isa = PBXBuildFile; fileRef = 21EC44C01B9D2DEA009904F9 /* ViewController.m */; };
		21EC44C41B9D2DEA009904F9 /* Main.storyboard in Resources */ = {isa = PBXBuildFile; fileRef = 21EC44C21B9D2DEA009904F9 /* Main.storyboard */; };
		21EC44C61B9D2DEA009904F9 /* Images.xcassets in Resources */ = {isa = PBXBuildFile; fileRef = 21EC44C51B9D2DEA009904F9 /* Images.xcassets */; };
		21EC44C91B9D2DEA009904F9 /* LaunchScreen.xib in Resources */ = {isa = PBXBuildFile; fileRef = 21EC44C71B9D2DEA009904F9 /* LaunchScreen.xib */; };
		21EC44D51B9D2DEA009904F9 /* propertyTests.m in Sources */ = {isa = PBXBuildFile; fileRef = 21EC44D41B9D2DEA009904F9 /* propertyTests.m */; };
		21EC44E01B9D2E0F009904F9 /* property.m in Sources */ = {isa = PBXBuildFile; fileRef = 21EC44DF1B9D2E0F009904F9 /* property.m */; };
		21EC44E31B9D6FEE009904F9 /* CXLCodingHelper.m in Sources */ = {isa = PBXBuildFile; fileRef = 21EC44E21B9D6FEE009904F9 /* CXLCodingHelper.m */; };
/* End PBXBuildFile section */

/* Begin PBXContainerItemProxy section */
		21EC44CF1B9D2DEA009904F9 /* PBXContainerItemProxy */ = {
			isa = PBXContainerItemProxy;
			containerPortal = 21EC44AA1B9D2DEA009904F9 /* Project object */;
			proxyType = 1;
			remoteGlobalIDString = 21EC44B11B9D2DEA009904F9;
			remoteInfo = property;
		};
/* End PBXContainerItemProxy section */

/* Begin PBXFileReference section */
		21EC44B21B9D2DEA009904F9 /* property.app */ = {isa = PBXFileReference; explicitFileType = wrapper.application; includeInIndex = 0; path = property.app; sourceTree = BUILT_PRODUCTS_DIR; };
		21EC44B61B9D2DEA009904F9 /* Info.plist */ = {isa = PBXFileReference; lastKnownFileType = text.plist.xml; path = Info.plist; sourceTree = "<group>"; };
		21EC44B71B9D2DEA009904F9 /* main.m */ = {isa = PBXFileReference; lastKnownFileType = sourcecode.c.objc; path = main.m; sourceTree = "<group>"; };
		21EC44B91B9D2DEA009904F9 /* AppDelegate.h */ = {isa = PBXFileReference; lastKnownFileType = sourcecode.c.h; path = AppDelegate.h; sourceTree = "<group>"; };
		21EC44BA1B9D2DEA009904F9 /* AppDelegate.m */ = {isa = PBXFileReference; lastKnownFileType = sourcecode.c.objc; path = AppDelegate.m; sourceTree = "<group>"; };
		21EC44BD1B9D2DEA009904F9 /* property.xcdatamodel */ = {isa = PBXFileReference; lastKnownFileType = wrapper.xcdatamodel; path = property.xcdatamodel; sourceTree = "<group>"; };
		21EC44BF1B9D2DEA009904F9 /* ViewController.h */ = {isa = PBXFileReference; lastKnownFileType = sourcecode.c.h; path = ViewController.h; sourceTree = "<group>"; };
		21EC44C01B9D2DEA009904F9 /* ViewController.m */ = {isa = PBXFileReference; lastKnownFileType = sourcecode.c.objc; path = ViewController.m; sourceTree = "<group>"; };
		21EC44C31B9D2DEA009904F9 /* Base */ = {isa = PBXFileReference; lastKnownFileType = file.storyboard; name = Base; path = Base.lproj/Main.storyboard; sourceTree = "<group>"; };
		21EC44C51B9D2DEA009904F9 /* Images.xcassets */ = {isa = PBXFileReference; lastKnownFileType = folder.assetcatalog; path = Images.xcassets; sourceTree = "<group>"; };
		21EC44C81B9D2DEA009904F9 /* Base */ = {isa = PBXFileReference; lastKnownFileType = file.xib; name = Base; path = Base.lproj/LaunchScreen.xib; sourceTree = "<group>"; };
		21EC44CE1B9D2DEA009904F9 /* propertyTests.xctest */ = {isa = PBXFileReference; explicitFileType = wrapper.cfbundle; includeInIndex = 0; path = propertyTests.xctest; sourceTree = BUILT_PRODUCTS_DIR; };
		21EC44D31B9D2DEA009904F9 /* Info.plist */ = {isa = PBXFileReference; lastKnownFileType = text.plist.xml; path = Info.plist; sourceTree = "<group>"; };
		21EC44D41B9D2DEA009904F9 /* propertyTests.m */ = {isa = PBXFileReference; lastKnownFileType = sourcecode.c.objc; path = propertyTests.m; sourceTree = "<group>"; };
		21EC44DE1B9D2E0F009904F9 /* property.h */ = {isa = PBXFileReference; fileEncoding = 4; lastKnownFileType = sourcecode.c.h; path = property.h; sourceTree = "<group>"; };
		21EC44DF1B9D2E0F009904F9 /* property.m */ = {isa = PBXFileReference; fileEncoding = 4; lastKnownFileType = sourcecode.c.objc; path = property.m; sourceTree = "<group>"; };
		21EC44E11B9D6FEE009904F9 /* CXLCodingHelper.h */ = {isa = PBXFileReference; fileEncoding = 4; lastKnownFileType = sourcecode.c.h; path = CXLCodingHelper.h; sourceTree = "<group>"; };
		21EC44E21B9D6FEE009904F9 /* CXLCodingHelper.m */ = {isa = PBXFileReference; fileEncoding = 4; lastKnownFileType = sourcecode.c.objc; path = CXLCodingHelper.m; sourceTree = "<group>"; };
/* End PBXFileReference section */

/* Begin PBXFrameworksBuildPhase section */
		21EC44AF1B9D2DEA009904F9 /* Frameworks */ = {
			isa = PBXFrameworksBuildPhase;
			buildActionMask = 2147483647;
			files = (
			);
			runOnlyForDeploymentPostprocessing = 0;
		};
		21EC44CB1B9D2DEA009904F9 /* Frameworks */ = {
			isa = PBXFrameworksBuildPhase;
			buildActionMask = 2147483647;
			files = (
			);
			runOnlyForDeploymentPostprocessing = 0;
		};
/* End PBXFrameworksBuildPhase section */

/* Begin PBXGroup section */
		21EC44A91B9D2DEA009904F9 = {
			isa = PBXGroup;
			children = (
				21EC44B41B9D2DEA009904F9 /* property */,
				21EC44D11B9D2DEA009904F9 /* propertyTests */,
				21EC44B31B9D2DEA009904F9 /* Products */,
			);
			sourceTree = "<group>";
		};
		21EC44B31B9D2DEA009904F9 /* Products */ = {
			isa = PBXGroup;
			children = (
				21EC44B21B9D2DEA009904F9 /* property.app */,
				21EC44CE1B9D2DEA009904F9 /* propertyTests.xctest */,
			);
			name = Products;
			sourceTree = "<group>";
		};
		21EC44B41B9D2DEA009904F9 /* property */ = {
			isa = PBXGroup;
			children = (
				21EC44B91B9D2DEA009904F9 /* AppDelegate.h */,
				21EC44BA1B9D2DEA009904F9 /* AppDelegate.m */,
				21EC44BF1B9D2DEA009904F9 /* ViewController.h */,
				21EC44C01B9D2DEA009904F9 /* ViewController.m */,
				21EC44C21B9D2DEA009904F9 /* Main.storyboard */,
				21EC44C51B9D2DEA009904F9 /* Images.xcassets */,
				21EC44C71B9D2DEA009904F9 /* LaunchScreen.xib */,
				21EC44BC1B9D2DEA009904F9 /* property.xcdatamodeld */,
				21EC44B51B9D2DEA009904F9 /* Supporting Files */,
				21EC44DE1B9D2E0F009904F9 /* property.h */,
				21EC44DF1B9D2E0F009904F9 /* property.m */,
				21EC44E11B9D6FEE009904F9 /* CXLCodingHelper.h */,
				21EC44E21B9D6FEE009904F9 /* CXLCodingHelper.m */,
			);
			path = property;
			sourceTree = "<group>";
		};
		21EC44B51B9D2DEA009904F9 /* Supporting Files */ = {
			isa = PBXGroup;
			children = (
				21EC44B61B9D2DEA009904F9 /* Info.plist */,
				21EC44B71B9D2DEA009904F9 /* main.m */,
			);
			name = "Supporting Files";
			sourceTree = "<group>";
		};
		21EC44D11B9D2DEA009904F9 /* propertyTests */ = {
			isa = PBXGroup;
			children = (
				21EC44D41B9D2DEA009904F9 /* propertyTests.m */,
				21EC44D21B9D2DEA009904F9 /* Supporting Files */,
			);
			path = propertyTests;
			sourceTree = "<group>";
		};
		21EC44D21B9D2DEA009904F9 /* Supporting Files */ = {
			isa = PBXGroup;
			children = (
				21EC44D31B9D2DEA009904F9 /* Info.plist */,
			);
			name = "Supporting Files";
			sourceTree = "<group>";
		};
/* End PBXGroup section */

/* Begin PBXNativeTarget section */
		21EC44B11B9D2DEA009904F9 /* property */ = {
			isa = PBXNativeTarget;
			buildConfigurationList = 21EC44D81B9D2DEA009904F9 /* Build configuration list for PBXNativeTarget "property" */;
			buildPhases = (
				21EC44AE1B9D2DEA009904F9 /* Sources */,
				21EC44AF1B9D2DEA009904F9 /* Frameworks */,
				21EC44B01B9D2DEA009904F9 /* Resources */,
			);
			buildRules = (
			);
			dependencies = (
			);
			name = property;
			productName = property;
			productReference = 21EC44B21B9D2DEA009904F9 /* property.app */;
			productType = "com.apple.product-type.application";
		};
		21EC44CD1B9D2DEA009904F9 /* propertyTests */ = {
			isa = PBXNativeTarget;
			buildConfigurationList = 21EC44DB1B9D2DEA009904F9 /* Build configuration list for PBXNativeTarget "propertyTests" */;
			buildPhases = (
				21EC44CA1B9D2DEA009904F9 /* Sources */,
				21EC44CB1B9D2DEA009904F9 /* Frameworks */,
				21EC44CC1B9D2DEA009904F9 /* Resources */,
			);
			buildRules = (
			);
			dependencies = (
				21EC44D01B9D2DEA009904F9 /* PBXTargetDependency */,
			);
			name = propertyTests;
			productName = propertyTests;
			productReference = 21EC44CE1B9D2DEA009904F9 /* propertyTests.xctest */;
			productType = "com.apple.product-type.bundle.unit-test";
		};
/* End PBXNativeTarget section */

/* Begin PBXProject section */
		21EC44AA1B9D2DEA009904F9 /* Project object */ = {
			isa = PBXProject;
			attributes = {
				LastUpgradeCheck = 0640;
				ORGANIZATIONNAME = lawrence;
				TargetAttributes = {
					21EC44B11B9D2DEA009904F9 = {
						CreatedOnToolsVersion = 6.4;
					};
					21EC44CD1B9D2DEA009904F9 = {
						CreatedOnToolsVersion = 6.4;
						TestTargetID = 21EC44B11B9D2DEA009904F9;
					};
				};
			};
			buildConfigurationList = 21EC44AD1B9D2DEA009904F9 /* Build configuration list for PBXProject "property" */;
			compatibilityVersion = "Xcode 3.2";
			developmentRegion = English;
			hasScannedForEncodings = 0;
			knownRegions = (
				en,
				Base,
			);
			mainGroup = 21EC44A91B9D2DEA009904F9;
			productRefGroup = 21EC44B31B9D2DEA009904F9 /* Products */;
			projectDirPath = "";
			projectRoot = "";
			targets = (
				21EC44B11B9D2DEA009904F9 /* property */,
				21EC44CD1B9D2DEA009904F9 /* propertyTests */,
			);
		};
/* End PBXProject section */

/* Begin PBXResourcesBuildPhase section */
		21EC44B01B9D2DEA009904F9 /* Resources */ = {
			isa = PBXResourcesBuildPhase;
			buildActionMask = 2147483647;
			files = (
				21EC44C41B9D2DEA009904F9 /* Main.storyboard in Resources */,
				21EC44C91B9D2DEA009904F9 /* LaunchScreen.xib in Resources */,
				21EC44C61B9D2DEA009904F9 /* Images.xcassets in Resources */,
			);
			runOnlyForDeploymentPostprocessing = 0;
		};
		21EC44CC1B9D2DEA009904F9 /* Resources */ = {
			isa = PBXResourcesBuildPhase;
			buildActionMask = 2147483647;
			files = (
			);
			runOnlyForDeploymentPostprocessing = 0;
		};
/* End PBXResourcesBuildPhase section */

/* Begin PBXSourcesBuildPhase section */
		21EC44AE1B9D2DEA009904F9 /* Sources */ = {
			isa = PBXSourcesBuildPhase;
			buildActionMask = 2147483647;
			files = (
				21EC44BB1B9D2DEA009904F9 /* AppDelegate.m in Sources */,
				21EC44BE1B9D2DEA009904F9 /* property.xcdatamodeld in Sources */,
				21EC44E01B9D2E0F009904F9 /* property.m in Sources */,
				21EC44E31B9D6FEE009904F9 /* CXLCodingHelper.m in Sources */,
				21EC44C11B9D2DEA009904F9 /* ViewController.m in Sources */,
				21EC44B81B9D2DEA009904F9 /* main.m in Sources */,
			);
			runOnlyForDeploymentPostprocessing = 0;
		};
		21EC44CA1B9D2DEA009904F9 /* Sources */ = {
			isa = PBXSourcesBuildPhase;
			buildActionMask = 2147483647;
			files = (
				21EC44D51B9D2DEA009904F9 /* propertyTests.m in Sources */,
			);
			runOnlyForDeploymentPostprocessing = 0;
		};
/* End PBXSourcesBuildPhase section */

/* Begin PBXTargetDependency section */
		21EC44D01B9D2DEA009904F9 /* PBXTargetDependency */ = {
			isa = PBXTargetDependency;
			target = 21EC44B11B9D2DEA009904F9 /* property */;
			targetProxy = 21EC44CF1B9D2DEA009904F9 /* PBXContainerItemProxy */;
		};
/* End PBXTargetDependency section */

/* Begin PBXVariantGroup section */
		21EC44C21B9D2DEA009904F9 /* Main.storyboard */ = {
			isa = PBXVariantGroup;
			children = (
				21EC44C31B9D2DEA009904F9 /* Base */,
			);
			name = Main.storyboard;
			sourceTree = "<group>";
		};
		21EC44C71B9D2DEA009904F9 /* LaunchScreen.xib */ = {
			isa = PBXVariantGroup;
			children = (
				21EC44C81B9D2DEA009904F9 /* Base */,
			);
			name = LaunchScreen.xib;
			sourceTree = "<group>";
		};
/* End PBXVariantGroup section */

/* Begin XCBuildConfiguration section */
		21EC44D61B9D2DEA009904F9 /* Debug */ = {
			isa = XCBuildConfiguration;
			buildSettings = {
				ALWAYS_SEARCH_USER_PATHS = NO;
				CLANG_CXX_LANGUAGE_STANDARD = "gnu++0x";
				CLANG_CXX_LIBRARY = "libc++";
				CLANG_ENABLE_MODULES = YES;
				CLANG_ENABLE_OBJC_ARC = YES;
				CLANG_WARN_BOOL_CONVERSION = YES;
				CLANG_WARN_CONSTANT_CONVERSION = YES;
				CLANG_WARN_DIRECT_OBJC_ISA_USAGE = YES_ERROR;
				CLANG_WARN_EMPTY_BODY = YES;
				CLANG_WARN_ENUM_CONVERSION = YES;
				CLANG_WARN_INT_CONVERSION = YES;
				CLANG_WARN_OBJC_ROOT_CLASS = YES_ERROR;
				CLANG_WARN_UNREACHABLE_CODE = YES;
				CLANG_WARN__DUPLICATE_METHOD_MATCH = YES;
				"CODE_SIGN_IDENTITY[sdk=iphoneos*]" = "iPhone Developer";
				COPY_PHASE_STRIP = NO;
				DEBUG_INFORMATION_FORMAT = "dwarf-with-dsym";
				ENABLE_STRICT_OBJC_MSGSEND = YES;
				GCC_C_LANGUAGE_STANDARD = gnu99;
				GCC_DYNAMIC_NO_PIC = NO;
				GCC_NO_COMMON_BLOCKS = YES;
				GCC_OPTIMIZATION_LEVEL = 0;
				GCC_PREPROCESSOR_DEFINITIONS = (
					"DEBUG=1",
					"$(inherited)",
				);
				GCC_SYMBOLS_PRIVATE_EXTERN = NO;
				GCC_WARN_64_TO_32_BIT_CONVERSION = YES;
				GCC_WARN_ABOUT_RETURN_TYPE = YES_ERROR;
				GCC_WARN_UNDECLARED_SELECTOR = YES;
				GCC_WARN_UNINITIALIZED_AUTOS = YES_AGGRESSIVE;
				GCC_WARN_UNUSED_FUNCTION = YES;
				GCC_WARN_UNUSED_VARIABLE = YES;
				IPHONEOS_DEPLOYMENT_TARGET = 8.4;
				MTL_ENABLE_DEBUG_INFO = YES;
				ONLY_ACTIVE_ARCH = YES;
				SDKROOT = iphoneos;
			};
			name = Debug;
		};
		21EC44D71B9D2DEA009904F9 /* Release */ = {
			isa = XCBuildConfiguration;
			buildSettings = {
				ALWAYS_SEARCH_USER_PATHS = NO;
				CLANG_CXX_LANGUAGE_STANDARD = "gnu++0x";
				CLANG_CXX_LIBRARY = "libc++";
				CLANG_ENABLE_MODULES = YES;
				CLANG_ENABLE_OBJC_ARC = YES;
				CLANG_WARN_BOOL_CONVERSION = YES;
				CLANG_WARN_CONSTANT_CONVERSION = YES;
				CLANG_WARN_DIRECT_OBJC_ISA_USAGE = YES_ERROR;
				CLANG_WARN_EMPTY_BODY = YES;
				CLANG_WARN_ENUM_CONVERSION = YES;
				CLANG_WARN_INT_CONVERSION = YES;
				CLANG_WARN_OBJC_ROOT_CLASS = YES_ERROR;
				CLANG_WARN_UNREACHABLE_CODE = YES;
				CLANG_WARN__DUPLICATE_METHOD_MATCH = YES;
				"CODE_SIGN_IDENTITY[sdk=iphoneos*]" = "iPhone Developer";
				COPY_PHASE_STRIP = NO;
				DEBUG_INFORMATION_FORMAT = "dwarf-with-dsym";
				ENABLE_NS_ASSERTIONS = NO;
				ENABLE_STRICT_OBJC_MSGSEND = YES;
				GCC_C_LANGUAGE_STANDARD = gnu99;
				GCC_NO_COMMON_BLOCKS = YES;
				GCC_WARN_64_TO_32_BIT_CONVERSION = YES;
				GCC_WARN_ABOUT_RETURN_TYPE = YES_ERROR;
				GCC_WARN_UNDECLARED_SELECTOR = YES;
				GCC_WARN_UNINITIALIZED_AUTOS = YES_AGGRESSIVE;
				GCC_WARN_UNUSED_FUNCTION = YES;
				GCC_WARN_UNUSED_VARIABLE = YES;
				IPHONEOS_DEPLOYMENT_TARGET = 8.4;
				MTL_ENABLE_DEBUG_INFO = NO;
				SDKROOT = iphoneos;
				VALIDATE_PRODUCT = YES;
			};
			name = Release;
		};
		21EC44D91B9D2DEA009904F9 /* Debug */ = {
			isa = XCBuildConfiguration;
			buildSettings = {
				ASSETCATALOG_COMPILER_APPICON_NAME = AppIcon;
				INFOPLIST_FILE = property/Info.plist;
				LD_RUNPATH_SEARCH_PATHS = "$(inherited) @executable_path/Frameworks";
				PRODUCT_NAME = "$(TARGET_NAME)";
			};
			name = Debug;
		};
		21EC44DA1B9D2DEA009904F9 /* Release */ = {
			isa = XCBuildConfiguration;
			buildSettings = {
				ASSETCATALOG_COMPILER_APPICON_NAME = AppIcon;
				INFOPLIST_FILE = property/Info.plist;
				LD_RUNPATH_SEARCH_PATHS = "$(inherited) @executable_path/Frameworks";
				PRODUCT_NAME = "$(TARGET_NAME)";
			};
			name = Release;
		};
		21EC44DC1B9D2DEA009904F9 /* Debug */ = {
			isa = XCBuildConfiguration;
			buildSettings = {
				BUNDLE_LOADER = "$(TEST_HOST)";
				FRAMEWORK_SEARCH_PATHS = (
					"$(SDKROOT)/Developer/Library/Frameworks",
					"$(inherited)",
				);
				GCC_PREPROCESSOR_DEFINITIONS = (
					"DEBUG=1",
					"$(inherited)",
				);
				INFOPLIST_FILE = propertyTests/Info.plist;
				LD_RUNPATH_SEARCH_PATHS = "$(inherited) @executable_path/Frameworks @loader_path/Frameworks";
				PRODUCT_NAME = "$(TARGET_NAME)";
				TEST_HOST = "$(BUILT_PRODUCTS_DIR)/property.app/property";
			};
			name = Debug;
		};
		21EC44DD1B9D2DEA009904F9 /* Release */ = {
			isa = XCBuildConfiguration;
			buildSettings = {
				BUNDLE_LOADER = "$(TEST_HOST)";
				FRAMEWORK_SEARCH_PATHS = (
					"$(SDKROOT)/Developer/Library/Frameworks",
					"$(inherited)",
				);
				INFOPLIST_FILE = propertyTests/Info.plist;
				LD_RUNPATH_SEARCH_PATHS = "$(inherited) @executable_path/Frameworks @loader_path/Frameworks";
				PRODUCT_NAME = "$(TARGET_NAME)";
				TEST_HOST = "$(BUILT_PRODUCTS_DIR)/property.app/property";
			};
			name = Release;
		};
/* End XCBuildConfiguration section */

/* Begin XCConfigurationList section */
		21EC44AD1B9D2DEA009904F9 /* Build configuration list for PBXProject "property" */ = {
			isa = XCConfigurationList;
			buildConfigurations = (
				21EC44D61B9D2DEA009904F9 /* Debug */,
				21EC44D71B9D2DEA009904F9 /* Release */,
			);
			defaultConfigurationIsVisible = 0;
			defaultConfigurationName = Release;
		};
		21EC44D81B9D2DEA009904F9 /* Build configuration list for PBXNativeTarget "property" */ = {
			isa = XCConfigurationList;
			buildConfigurations = (
				21EC44D91B9D2DEA009904F9 /* Debug */,
				21EC44DA1B9D2DEA009904F9 /* Release */,
			);
			defaultConfigurationIsVisible = 0;
		};
		21EC44DB1B9D2DEA009904F9 /* Build configuration list for PBXNativeTarget "propertyTests" */ = {
			isa = XCConfigurationList;
			buildConfigurations = (
				21EC44DC1B9D2DEA009904F9 /* Debug */,
				21EC44DD1B9D2DEA009904F9 /* Release */,
			);
			defaultConfigurationIsVisible = 0;
		};
/* End XCConfigurationList section */

/* Begin XCVersionGroup section */
		21EC44BC1B9D2DEA009904F9 /* property.xcdatamodeld */ = {
			isa = XCVersionGroup;
			children = (
				21EC44BD1B9D2DEA009904F9 /* property.xcdatamodel */,
			);
			currentVersion = 21EC44BD1B9D2DEA009904F9 /* property.xcdatamodel */;
			path = property.xcdatamodeld;
			sourceTree = "<group>";
			versionGroupType = wrapper.xcdatamodel;
		};
/* End XCVersionGroup section */
	};
	rootObject = 21EC44AA1B9D2DEA009904F9 /* Project object */;
}
